
Microsoft Visual Studio Solution File, Format Version 11.00
# Visual Studio 2010
Project("{F088123C-0E9E-452A-89E6-6BA2F21D5CAC}") = "ModelingProject1", "ModelingProject1.modelproj", "{3C939526-E985-46AD-BC22-1B5181153391}"
EndProject
Global
	GlobalSection(SolutionConfigurationPlatforms) = preSolution
		Debug|Any CPU = Debug|Any CPU
		Release|Any CPU = Release|Any CPU
	EndGlobalSection
	GlobalSection(ProjectConfigurationPlatforms) = postSolution
		{3C939526-E985-46AD-BC22-1B5181153391}.Debug|Any CPU.ActiveCfg = Debug|Any CPU
		{3C939526-E985-46AD-BC22-1B5181153391}.Debug|Any CPU.Build.0 = Debug|Any CPU
		{3C939526-E985-46AD-BC22-1B5181153391}.Release|Any CPU.ActiveCfg = Release|Any CPU
		{3C939526-E985-46AD-BC22-1B5181153391}.Release|Any CPU.Build.0 = Release|Any CPU
	EndGlobalSection
	GlobalSection(SolutionProperties) = preSolution
		HideSolutionNode = FALSE
	EndGlobalSection
EndGlobal
